// !$*UTF8*$!
{
	archiveVersion = 1;
	classes = {
	};
	objectVersion = 55;
	objects = {

/* Begin PBXBuildFile section */
		F3A30D3B2773AADC00161F18 /* AppDelegate.swift in Sources */ = {isa = PBXBuildFile; fileRef = F3A30D3A2773AADC00161F18 /* AppDelegate.swift */; };
		F3A30D3D2773AADC00161F18 /* SceneDelegate.swift in Sources */ = {isa = PBXBuildFile; fileRef = F3A30D3C2773AADC00161F18 /* SceneDelegate.swift */; };
		F3A30D3F2773AADC00161F18 /* HomeViewController.swift in Sources */ = {isa = PBXBuildFile; fileRef = F3A30D3E2773AADC00161F18 /* HomeViewController.swift */; };
		F3A30D442773AADE00161F18 /* Assets.xcassets in Resources */ = {isa = PBXBuildFile; fileRef = F3A30D432773AADE00161F18 /* Assets.xcassets */; };
		F3A30D472773AADE00161F18 /* LaunchScreen.storyboard in Resources */ = {isa = PBXBuildFile; fileRef = F3A30D452773AADE00161F18 /* LaunchScreen.storyboard */; };
		F3A30D522773AADE00161F18 /* FoodieTests.swift in Sources */ = {isa = PBXBuildFile; fileRef = F3A30D512773AADE00161F18 /* FoodieTests.swift */; };
		F3A30D5C2773AADE00161F18 /* FoodieUITests.swift in Sources */ = {isa = PBXBuildFile; fileRef = F3A30D5B2773AADE00161F18 /* FoodieUITests.swift */; };
		F3A30D5E2773AADE00161F18 /* FoodieUITestsLaunchTests.swift in Sources */ = {isa = PBXBuildFile; fileRef = F3A30D5D2773AADE00161F18 /* FoodieUITestsLaunchTests.swift */; };
/* End PBXBuildFile section */

/* Begin PBXContainerItemProxy section */
		F3A30D4E2773AADE00161F18 /* PBXContainerItemProxy */ = {
			isa = PBXContainerItemProxy;
			containerPortal = F3A30D2F2773AADC00161F18 /* Project object */;
			proxyType = 1;
			remoteGlobalIDString = F3A30D362773AADC00161F18;
			remoteInfo = Foodie;
		};
		F3A30D582773AADE00161F18 /* PBXContainerItemProxy */ = {
			isa = PBXContainerItemProxy;
			containerPortal = F3A30D2F2773AADC00161F18 /* Project object */;
			proxyType = 1;
			remoteGlobalIDString = F3A30D362773AADC00161F18;
			remoteInfo = Foodie;
		};
/* End PBXContainerItemProxy section */

/* Begin PBXFileReference section */
		F3A30D372773AADC00161F18 /* Foodie.app */ = {isa = PBXFileReference; explicitFileType = wrapper.application; includeInIndex = 0; path = Foodie.app; sourceTree = BUILT_PRODUCTS_DIR; };
		F3A30D3A2773AADC00161F18 /* AppDelegate.swift */ = {isa = PBXFileReference; lastKnownFileType = sourcecode.swift; path = AppDelegate.swift; sourceTree = "<group>"; };
		F3A30D3C2773AADC00161F18 /* SceneDelegate.swift */ = {isa = PBXFileReference; lastKnownFileType = sourcecode.swift; path = SceneDelegate.swift; sourceTree = "<group>"; };
		F3A30D3E2773AADC00161F18 /* HomeViewController.swift */ = {isa = PBXFileReference; lastKnownFileType = sourcecode.swift; path = HomeViewController.swift; sourceTree = "<group>"; };
		F3A30D432773AADE00161F18 /* Assets.xcassets */ = {isa = PBXFileReference; lastKnownFileType = folder.assetcatalog; path = Assets.xcassets; sourceTree = "<group>"; };
		F3A30D462773AADE00161F18 /* Base */ = {isa = PBXFileReference; lastKnownFileType = file.storyboard; name = Base; path = Base.lproj/LaunchScreen.storyboard; sourceTree = "<group>"; };
		F3A30D482773AADE00161F18 /* Info.plist */ = {isa = PBXFileReference; lastKnownFileType = text.plist.xml; path = Info.plist; sourceTree = "<group>"; };
		F3A30D4D2773AADE00161F18 /* FoodieTests.xctest */ = {isa = PBXFileReference; explicitFileType = wrapper.cfbundle; includeInIndex = 0; path = FoodieTests.xctest; sourceTree = BUILT_PRODUCTS_DIR; };
		F3A30D512773AADE00161F18 /* FoodieTests.swift */ = {isa = PBXFileReference; lastKnownFileType = sourcecode.swift; path = FoodieTests.swift; sourceTree = "<group>"; };
		F3A30D572773AADE00161F18 /* FoodieUITests.xctest */ = {isa = PBXFileReference; explicitFileType = wrapper.cfbundle; includeInIndex = 0; path = FoodieUITests.xctest; sourceTree = BUILT_PRODUCTS_DIR; };
		F3A30D5B2773AADE00161F18 /* FoodieUITests.swift */ = {isa = PBXFileReference; lastKnownFileType = sourcecode.swift; path = FoodieUITests.swift; sourceTree = "<group>"; };
		F3A30D5D2773AADE00161F18 /* FoodieUITestsLaunchTests.swift */ = {isa = PBXFileReference; lastKnownFileType = sourcecode.swift; path = FoodieUITestsLaunchTests.swift; sourceTree = "<group>"; };
/* End PBXFileReference section */

/* Begin PBXFrameworksBuildPhase section */
		F3A30D342773AADC00161F18 /* Frameworks */ = {
			isa = PBXFrameworksBuildPhase;
			buildActionMask = 2147483647;
			files = (
			);
			runOnlyForDeploymentPostprocessing = 0;
		};
		F3A30D4A2773AADE00161F18 /* Frameworks */ = {
			isa = PBXFrameworksBuildPhase;
			buildActionMask = 2147483647;
			files = (
			);
			runOnlyForDeploymentPostprocessing = 0;
		};
		F3A30D542773AADE00161F18 /* Frameworks */ = {
			isa = PBXFrameworksBuildPhase;
			buildActionMask = 2147483647;
			files = (
			);
			runOnlyForDeploymentPostprocessing = 0;
		};
/* End PBXFrameworksBuildPhase section */

/* Begin PBXGroup section */
		F3A30D2E2773AADC00161F18 = {
			isa = PBXGroup;
			children = (
				F3A30D392773AADC00161F18 /* Foodie */,
				F3A30D502773AADE00161F18 /* FoodieTests */,
				F3A30D5A2773AADE00161F18 /* FoodieUITests */,
				F3A30D382773AADC00161F18 /* Products */,
			);
			sourceTree = "<group>";
		};
		F3A30D382773AADC00161F18 /* Products */ = {
			isa = PBXGroup;
			children = (
				F3A30D372773AADC00161F18 /* Foodie.app */,
				F3A30D4D2773AADE00161F18 /* FoodieTests.xctest */,
				F3A30D572773AADE00161F18 /* FoodieUITests.xctest */,
			);
			name = Products;
			sourceTree = "<group>";
		};
		F3A30D392773AADC00161F18 /* Foodie */ = {
			isa = PBXGroup;
			children = (
				F3A30D6A2773AEC700161F18 /* Model */,
				F3A30D6C2773AED200161F18 /* Controller */,
				F3A30D6B2773AECE00161F18 /* View */,
				F3A30D6E2773AF2500161F18 /* Utility */,
				F3A30D6D2773AEDC00161F18 /* Supporting Files */,
			);
			path = Foodie;
			sourceTree = "<group>";
		};
		F3A30D502773AADE00161F18 /* FoodieTests */ = {
			isa = PBXGroup;
			children = (
				F3A30D512773AADE00161F18 /* FoodieTests.swift */,
			);
			path = FoodieTests;
			sourceTree = "<group>";
		};
		F3A30D5A2773AADE00161F18 /* FoodieUITests */ = {
			isa = PBXGroup;
			children = (
				F3A30D5B2773AADE00161F18 /* FoodieUITests.swift */,
				F3A30D5D2773AADE00161F18 /* FoodieUITestsLaunchTests.swift */,
			);
			path = FoodieUITests;
			sourceTree = "<group>";
		};
		F3A30D6A2773AEC700161F18 /* Model */ = {
			isa = PBXGroup;
			children = (
			);
			path = Model;
			sourceTree = "<group>";
		};
		F3A30D6B2773AECE00161F18 /* View */ = {
			isa = PBXGroup;
			children = (
			);
			path = View;
			sourceTree = "<group>";
		};
		F3A30D6C2773AED200161F18 /* Controller */ = {
			isa = PBXGroup;
			children = (
				F3A30D3E2773AADC00161F18 /* HomeViewController.swift */,
			);
			path = Controller;
			sourceTree = "<group>";
		};
		F3A30D6D2773AEDC00161F18 /* Supporting Files */ = {
			isa = PBXGroup;
			children = (
				F3A30D3A2773AADC00161F18 /* AppDelegate.swift */,
				F3A30D3C2773AADC00161F18 /* SceneDelegate.swift */,
				F3A30D432773AADE00161F18 /* Assets.xcassets */,
				F3A30D452773AADE00161F18 /* LaunchScreen.storyboard */,
				F3A30D482773AADE00161F18 /* Info.plist */,
			);
			path = "Supporting Files";
			sourceTree = "<group>";
		};
		F3A30D6E2773AF2500161F18 /* Utility */ = {
			isa = PBXGroup;
			children = (
			);
			path = Utility;
			sourceTree = "<group>";
		};
/* End PBXGroup section */

/* Begin PBXNativeTarget section */
		F3A30D362773AADC00161F18 /* Foodie */ = {
			isa = PBXNativeTarget;
			buildConfigurationList = F3A30D612773AADE00161F18 /* Build configuration list for PBXNativeTarget "Foodie" */;
			buildPhases = (
				F3A30D332773AADC00161F18 /* Sources */,
				F3A30D342773AADC00161F18 /* Frameworks */,
				F3A30D352773AADC00161F18 /* Resources */,
			);
			buildRules = (
			);
			dependencies = (
			);
			name = Foodie;
			productName = Foodie;
			productReference = F3A30D372773AADC00161F18 /* Foodie.app */;
			productType = "com.apple.product-type.application";
		};
		F3A30D4C2773AADE00161F18 /* FoodieTests */ = {
			isa = PBXNativeTarget;
			buildConfigurationList = F3A30D642773AADE00161F18 /* Build configuration list for PBXNativeTarget "FoodieTests" */;
			buildPhases = (
				F3A30D492773AADE00161F18 /* Sources */,
				F3A30D4A2773AADE00161F18 /* Frameworks */,
				F3A30D4B2773AADE00161F18 /* Resources */,
			);
			buildRules = (
			);
			dependencies = (
				F3A30D4F2773AADE00161F18 /* PBXTargetDependency */,
			);
			name = FoodieTests;
			productName = FoodieTests;
			productReference = F3A30D4D2773AADE00161F18 /* FoodieTests.xctest */;
			productType = "com.apple.product-type.bundle.unit-test";
		};
		F3A30D562773AADE00161F18 /* FoodieUITests */ = {
			isa = PBXNativeTarget;
			buildConfigurationList = F3A30D672773AADE00161F18 /* Build configuration list for PBXNativeTarget "FoodieUITests" */;
			buildPhases = (
				F3A30D532773AADE00161F18 /* Sources */,
				F3A30D542773AADE00161F18 /* Frameworks */,
				F3A30D552773AADE00161F18 /* Resources */,
			);
			buildRules = (
			);
			dependencies = (
				F3A30D592773AADE00161F18 /* PBXTargetDependency */,
			);
			name = FoodieUITests;
			productName = FoodieUITests;
			productReference = F3A30D572773AADE00161F18 /* FoodieUITests.xctest */;
			productType = "com.apple.product-type.bundle.ui-testing";
		};
/* End PBXNativeTarget section */

/* Begin PBXProject section */
		F3A30D2F2773AADC00161F18 /* Project object */ = {
			isa = PBXProject;
			attributes = {
				BuildIndependentTargetsInParallel = 1;
				LastSwiftUpdateCheck = 1320;
				LastUpgradeCheck = 1320;
				TargetAttributes = {
					F3A30D362773AADC00161F18 = {
						CreatedOnToolsVersion = 13.2.1;
					};
					F3A30D4C2773AADE00161F18 = {
						CreatedOnToolsVersion = 13.2.1;
						TestTargetID = F3A30D362773AADC00161F18;
					};
					F3A30D562773AADE00161F18 = {
						CreatedOnToolsVersion = 13.2.1;
						TestTargetID = F3A30D362773AADC00161F18;
					};
				};
			};
			buildConfigurationList = F3A30D322773AADC00161F18 /* Build configuration list for PBXProject "Foodie" */;
			compatibilityVersion = "Xcode 13.0";
			developmentRegion = en;
			hasScannedForEncodings = 0;
			knownRegions = (
				en,
				Base,
			);
			mainGroup = F3A30D2E2773AADC00161F18;
			productRefGroup = F3A30D382773AADC00161F18 /* Products */;
			projectDirPath = "";
			projectRoot = "";
			targets = (
				F3A30D362773AADC00161F18 /* Foodie */,
				F3A30D4C2773AADE00161F18 /* FoodieTests */,
				F3A30D562773AADE00161F18 /* FoodieUITests */,
			);
		};
/* End PBXProject section */

/* Begin PBXResourcesBuildPhase section */
		F3A30D352773AADC00161F18 /* Resources */ = {
			isa = PBXResourcesBuildPhase;
			buildActionMask = 2147483647;
			files = (
				F3A30D472773AADE00161F18 /* LaunchScreen.storyboard in Resources */,
				F3A30D442773AADE00161F18 /* Assets.xcassets in Resources */,
			);
			runOnlyForDeploymentPostprocessing = 0;
		};
		F3A30D4B2773AADE00161F18 /* Resources */ = {
			isa = PBXResourcesBuildPhase;
			buildActionMask = 2147483647;
			files = (
			);
			runOnlyForDeploymentPostprocessing = 0;
		};
		F3A30D552773AADE00161F18 /* Resources */ = {
			isa = PBXResourcesBuildPhase;
			buildActionMask = 2147483647;
			files = (
			);
			runOnlyForDeploymentPostprocessing = 0;
		};
/* End PBXResourcesBuildPhase section */

/* Begin PBXSourcesBuildPhase section */
		F3A30D332773AADC00161F18 /* Sources */ = {
			isa = PBXSourcesBuildPhase;
			buildActionMask = 2147483647;
			files = (
				F3A30D3F2773AADC00161F18 /* HomeViewController.swift in Sources */,
				F3A30D3B2773AADC00161F18 /* AppDelegate.swift in Sources */,
				F3A30D3D2773AADC00161F18 /* SceneDelegate.swift in Sources */,
			);
			runOnlyForDeploymentPostprocessing = 0;
		};
		F3A30D492773AADE00161F18 /* Sources */ = {
			isa = PBXSourcesBuildPhase;
			buildActionMask = 2147483647;
			files = (
				F3A30D522773AADE00161F18 /* FoodieTests.swift in Sources */,
			);
			runOnlyForDeploymentPostprocessing = 0;
		};
		F3A30D532773AADE00161F18 /* Sources */ = {
			isa = PBXSourcesBuildPhase;
			buildActionMask = 2147483647;
			files = (
				F3A30D5E2773AADE00161F18 /* FoodieUITestsLaunchTests.swift in Sources */,
				F3A30D5C2773AADE00161F18 /* FoodieUITests.swift in Sources */,
			);
			runOnlyForDeploymentPostprocessing = 0;
		};
/* End PBXSourcesBuildPhase section */

/* Begin PBXTargetDependency section */
		F3A30D4F2773AADE00161F18 /* PBXTargetDependency */ = {
			isa = PBXTargetDependency;
			target = F3A30D362773AADC00161F18 /* Foodie */;
			targetProxy = F3A30D4E2773AADE00161F18 /* PBXContainerItemProxy */;
		};
		F3A30D592773AADE00161F18 /* PBXTargetDependency */ = {
			isa = PBXTargetDependency;
			target = F3A30D362773AADC00161F18 /* Foodie */;
			targetProxy = F3A30D582773AADE00161F18 /* PBXContainerItemProxy */;
		};
/* End PBXTargetDependency section */

/* Begin PBXVariantGroup section */
		F3A30D452773AADE00161F18 /* LaunchScreen.storyboard */ = {
			isa = PBXVariantGroup;
			children = (
				F3A30D462773AADE00161F18 /* Base */,
			);
			name = LaunchScreen.storyboard;
			sourceTree = "<group>";
		};
/* End PBXVariantGroup section */

/* Begin XCBuildConfiguration section */
		F3A30D5F2773AADE00161F18 /* Debug */ = {
			isa = XCBuildConfiguration;
			buildSettings = {
				ALWAYS_SEARCH_USER_PATHS = NO;
				CLANG_ANALYZER_NONNULL = YES;
				CLANG_ANALYZER_NUMBER_OBJECT_CONVERSION = YES_AGGRESSIVE;
				CLANG_CXX_LANGUAGE_STANDARD = "gnu++17";
				CLANG_CXX_LIBRARY = "libc++";
				CLANG_ENABLE_MODULES = YES;
				CLANG_ENABLE_OBJC_ARC = YES;
				CLANG_ENABLE_OBJC_WEAK = YES;
				CLANG_WARN_BLOCK_CAPTURE_AUTORELEASING = YES;
				CLANG_WARN_BOOL_CONVERSION = YES;
				CLANG_WARN_COMMA = YES;
				CLANG_WARN_CONSTANT_CONVERSION = YES;
				CLANG_WARN_DEPRECATED_OBJC_IMPLEMENTATIONS = YES;
				CLANG_WARN_DIRECT_OBJC_ISA_USAGE = YES_ERROR;
				CLANG_WARN_DOCUMENTATION_COMMENTS = YES;
				CLANG_WARN_EMPTY_BODY = YES;
				CLANG_WARN_ENUM_CONVERSION = YES;
				CLANG_WARN_INFINITE_RECURSION = YES;
				CLANG_WARN_INT_CONVERSION = YES;
				CLANG_WARN_NON_LITERAL_NULL_CONVERSION = YES;
				CLANG_WARN_OBJC_IMPLICIT_RETAIN_SELF = YES;
				CLANG_WARN_OBJC_LITERAL_CONVERSION = YES;
				CLANG_WARN_OBJC_ROOT_CLASS = YES_ERROR;
				CLANG_WARN_QUOTED_INCLUDE_IN_FRAMEWORK_HEADER = YES;
				CLANG_WARN_RANGE_LOOP_ANALYSIS = YES;
				CLANG_WARN_STRICT_PROTOTYPES = YES;
				CLANG_WARN_SUSPICIOUS_MOVE = YES;
				CLANG_WARN_UNGUARDED_AVAILABILITY = YES_AGGRESSIVE;
				CLANG_WARN_UNREACHABLE_CODE = YES;
				CLANG_WARN__DUPLICATE_METHOD_MATCH = YES;
				COPY_PHASE_STRIP = NO;
				DEBUG_INFORMATION_FORMAT = dwarf;
				ENABLE_STRICT_OBJC_MSGSEND = YES;
				ENABLE_TESTABILITY = YES;
				GCC_C_LANGUAGE_STANDARD = gnu11;
				GCC_DYNAMIC_NO_PIC = NO;
				GCC_NO_COMMON_BLOCKS = YES;
				GCC_OPTIMIZATION_LEVEL = 0;
				GCC_PREPROCESSOR_DEFINITIONS = (
					"DEBUG=1",
					"$(inherited)",
				);
				GCC_WARN_64_TO_32_BIT_CONVERSION = YES;
				GCC_WARN_ABOUT_RETURN_TYPE = YES_ERROR;
				GCC_WARN_UNDECLARED_SELECTOR = YES;
				GCC_WARN_UNINITIALIZED_AUTOS = YES_AGGRESSIVE;
				GCC_WARN_UNUSED_FUNCTION = YES;
				GCC_WARN_UNUSED_VARIABLE = YES;
				IPHONEOS_DEPLOYMENT_TARGET = 15.2;
				MTL_ENABLE_DEBUG_INFO = INCLUDE_SOURCE;
				MTL_FAST_MATH = YES;
				ONLY_ACTIVE_ARCH = YES;
				SDKROOT = iphoneos;
				SWIFT_ACTIVE_COMPILATION_CONDITIONS = DEBUG;
				SWIFT_OPTIMIZATION_LEVEL = "-Onone";
			};
			name = Debug;
		};
		F3A30D602773AADE00161F18 /* Release */ = {
			isa = XCBuildConfiguration;
			buildSettings = {
				ALWAYS_SEARCH_USER_PATHS = NO;
				CLANG_ANALYZER_NONNULL = YES;
				CLANG_ANALYZER_NUMBER_OBJECT_CONVERSION = YES_AGGRESSIVE;
				CLANG_CXX_LANGUAGE_STANDARD = "gnu++17";
				CLANG_CXX_LIBRARY = "libc++";
				CLANG_ENABLE_MODULES = YES;
				CLANG_ENABLE_OBJC_ARC = YES;
				CLANG_ENABLE_OBJC_WEAK = YES;
				CLANG_WARN_BLOCK_CAPTURE_AUTORELEASING = YES;
				CLANG_WARN_BOOL_CONVERSION = YES;
				CLANG_WARN_COMMA = YES;
				CLANG_WARN_CONSTANT_CONVERSION = YES;
				CLANG_WARN_DEPRECATED_OBJC_IMPLEMENTATIONS = YES;
				CLANG_WARN_DIRECT_OBJC_ISA_USAGE = YES_ERROR;
				CLANG_WARN_DOCUMENTATION_COMMENTS = YES;
				CLANG_WARN_EMPTY_BODY = YES;
				CLANG_WARN_ENUM_CONVERSION = YES;
				CLANG_WARN_INFINITE_RECURSION = YES;
				CLANG_WARN_INT_CONVERSION = YES;
				CLANG_WARN_NON_LITERAL_NULL_CONVERSION = YES;
				CLANG_WARN_OBJC_IMPLICIT_RETAIN_SELF = YES;
				CLANG_WARN_OBJC_LITERAL_CONVERSION = YES;
				CLANG_WARN_OBJC_ROOT_CLASS = YES_ERROR;
				CLANG_WARN_QUOTED_INCLUDE_IN_FRAMEWORK_HEADER = YES;
				CLANG_WARN_RANGE_LOOP_ANALYSIS = YES;
				CLANG_WARN_STRICT_PROTOTYPES = YES;
				CLANG_WARN_SUSPICIOUS_MOVE = YES;
				CLANG_WARN_UNGUARDED_AVAILABILITY = YES_AGGRESSIVE;
				CLANG_WARN_UNREACHABLE_CODE = YES;
				CLANG_WARN__DUPLICATE_METHOD_MATCH = YES;
				COPY_PHASE_STRIP = NO;
				DEBUG_INFORMATION_FORMAT = "dwarf-with-dsym";
				ENABLE_NS_ASSERTIONS = NO;
				ENABLE_STRICT_OBJC_MSGSEND = YES;
				GCC_C_LANGUAGE_STANDARD = gnu11;
				GCC_NO_COMMON_BLOCKS = YES;
				GCC_WARN_64_TO_32_BIT_CONVERSION = YES;
				GCC_WARN_ABOUT_RETURN_TYPE = YES_ERROR;
				GCC_WARN_UNDECLARED_SELECTOR = YES;
				GCC_WARN_UNINITIALIZED_AUTOS = YES_AGGRESSIVE;
				GCC_WARN_UNUSED_FUNCTION = YES;
				GCC_WARN_UNUSED_VARIABLE = YES;
				IPHONEOS_DEPLOYMENT_TARGET = 15.2;
				MTL_ENABLE_DEBUG_INFO = NO;
				MTL_FAST_MATH = YES;
				SDKROOT = iphoneos;
				SWIFT_COMPILATION_MODE = wholemodule;
				SWIFT_OPTIMIZATION_LEVEL = "-O";
				VALIDATE_PRODUCT = YES;
			};
			name = Release;
		};
		F3A30D622773AADE00161F18 /* Debug */ = {
			isa = XCBuildConfiguration;
			buildSettings = {
				ASSETCATALOG_COMPILER_APPICON_NAME = AppIcon;
				ASSETCATALOG_COMPILER_GLOBAL_ACCENT_COLOR_NAME = AccentColor;
				CODE_SIGN_STYLE = Automatic;
				CURRENT_PROJECT_VERSION = 1;
				DEVELOPMENT_TEAM = C62Y8SVBJ2;
				GENERATE_INFOPLIST_FILE = YES;
				INFOPLIST_FILE = "Foodie/Supporting Files/Info.plist";
				INFOPLIST_KEY_UIApplicationSupportsIndirectInputEvents = YES;
				INFOPLIST_KEY_UILaunchStoryboardName = LaunchScreen;
				INFOPLIST_KEY_UISupportedInterfaceOrientations = UIInterfaceOrientationPortrait;
				INFOPLIST_KEY_UISupportedInterfaceOrientations_iPad = "UIInterfaceOrientationPortrait UIInterfaceOrientationPortraitUpsideDown UIInterfaceOrientationLandscapeLeft UIInterfaceOrientationLandscapeRight";
				INFOPLIST_KEY_UISupportedInterfaceOrientations_iPhone = "UIInterfaceOrientationPortrait UIInterfaceOrientationLandscapeLeft UIInterfaceOrientationLandscapeRight";
				LD_RUNPATH_SEARCH_PATHS = (
					"$(inherited)",
					"@executable_path/Frameworks",
				);
				MARKETING_VERSION = 1.0;
				PRODUCT_BUNDLE_IDENTIFIER = com.handeveloper.Foodie;
				PRODUCT_NAME = "$(TARGET_NAME)";
				SWIFT_EMIT_LOC_STRINGS = YES;
				SWIFT_VERSION = 5.0;
				TARGETED_DEVICE_FAMILY = 1;
			};
			name = Debug;
		};
		F3A30D632773AADE00161F18 /* Release */ = {
			isa = XCBuildConfiguration;
			buildSettings = {
				ASSETCATALOG_COMPILER_APPICON_NAME = AppIcon;
				ASSETCATALOG_COMPILER_GLOBAL_ACCENT_COLOR_NAME = AccentColor;
				CODE_SIGN_STYLE = Automatic;
				CURRENT_PROJECT_VERSION = 1;
				DEVELOPMENT_TEAM = C62Y8SVBJ2;
				GENERATE_INFOPLIST_FILE = YES;
				INFOPLIST_FILE = "Foodie/Supporting Files/Info.plist";
				INFOPLIST_KEY_UIApplicationSupportsIndirectInputEvents = YES;
				INFOPLIST_KEY_UILaunchStoryboardName = LaunchScreen;
				INFOPLIST_KEY_UISupportedInterfaceOrientations = UIInterfaceOrientationPortrait;
				INFOPLIST_KEY_UISupportedInterfaceOrientations_iPad = "UIInterfaceOrientationPortrait UIInterfaceOrientationPortraitUpsideDown UIInterfaceOrientationLandscapeLeft UIInterfaceOrientationLandscapeRight";
				INFOPLIST_KEY_UISupportedInterfaceOrientations_iPhone = "UIInterfaceOrientationPortrait UIInterfaceOrientationLandscapeLeft UIInterfaceOrientationLandscapeRight";
				LD_RUNPATH_SEARCH_PATHS = (
					"$(inherited)",
					"@executable_path/Frameworks",
				);
				MARKETING_VERSION = 1.0;
				PRODUCT_BUNDLE_IDENTIFIER = com.handeveloper.Foodie;
				PRODUCT_NAME = "$(TARGET_NAME)";
				SWIFT_EMIT_LOC_STRINGS = YES;
				SWIFT_VERSION = 5.0;
				TARGETED_DEVICE_FAMILY = 1;
			};
			name = Release;
		};
		F3A30D652773AADE00161F18 /* Debug */ = {
			isa = XCBuildConfiguration;
			buildSettings = {
				ALWAYS_EMBED_SWIFT_STANDARD_LIBRARIES = YES;
				BUNDLE_LOADER = "$(TEST_HOST)";
				CODE_SIGN_STYLE = Automatic;
				CURRENT_PROJECT_VERSION = 1;
				DEVELOPMENT_TEAM = C62Y8SVBJ2;
				GENERATE_INFOPLIST_FILE = YES;
				IPHONEOS_DEPLOYMENT_TARGET = 15.2;
				MARKETING_VERSION = 1.0;
				PRODUCT_BUNDLE_IDENTIFIER = com.handeveloper.FoodieTests;
				PRODUCT_NAME = "$(TARGET_NAME)";
				SWIFT_EMIT_LOC_STRINGS = NO;
				SWIFT_VERSION = 5.0;
				TARGETED_DEVICE_FAMILY = "1,2";
				TEST_HOST = "$(BUILT_PRODUCTS_DIR)/Foodie.app/Foodie";
			};
			name = Debug;
		};
		F3A30D662773AADE00161F18 /* Release */ = {
			isa = XCBuildConfiguration;
			buildSettings = {
				ALWAYS_EMBED_SWIFT_STANDARD_LIBRARIES = YES;
				BUNDLE_LOADER = "$(TEST_HOST)";
				CODE_SIGN_STYLE = Automatic;
				CURRENT_PROJECT_VERSION = 1;
				DEVELOPMENT_TEAM = C62Y8SVBJ2;
				GENERATE_INFOPLIST_FILE = YES;
				IPHONEOS_DEPLOYMENT_TARGET = 15.2;
				MARKETING_VERSION = 1.0;
				PRODUCT_BUNDLE_IDENTIFIER = com.handeveloper.FoodieTests;
				PRODUCT_NAME = "$(TARGET_NAME)";
				SWIFT_EMIT_LOC_STRINGS = NO;
				SWIFT_VERSION = 5.0;
				TARGETED_DEVICE_FAMILY = "1,2";
				TEST_HOST = "$(BUILT_PRODUCTS_DIR)/Foodie.app/Foodie";
			};
			name = Release;
		};
		F3A30D682773AADE00161F18 /* Debug */ = {
			isa = XCBuildConfiguration;
			buildSettings = {
				ALWAYS_EMBED_SWIFT_STANDARD_LIBRARIES = YES;
				CODE_SIGN_STYLE = Automatic;
				CURRENT_PROJECT_VERSION = 1;
				DEVELOPMENT_TEAM = C62Y8SVBJ2;
				GENERATE_INFOPLIST_FILE = YES;
				MARKETING_VERSION = 1.0;
				PRODUCT_BUNDLE_IDENTIFIER = com.handeveloper.FoodieUITests;
				PRODUCT_NAME = "$(TARGET_NAME)";
				SWIFT_EMIT_LOC_STRINGS = NO;
				SWIFT_VERSION = 5.0;
				TARGETED_DEVICE_FAMILY = "1,2";
				TEST_TARGET_NAME = Foodie;
			};
			name = Debug;
		};
		F3A30D692773AADE00161F18 /* Release */ = {
			isa = XCBuildConfiguration;
			buildSettings = {
				ALWAYS_EMBED_SWIFT_STANDARD_LIBRARIES = YES;
				CODE_SIGN_STYLE = Automatic;
				CURRENT_PROJECT_VERSION = 1;
				DEVELOPMENT_TEAM = C62Y8SVBJ2;
				GENERATE_INFOPLIST_FILE = YES;
				MARKETING_VERSION = 1.0;
				PRODUCT_BUNDLE_IDENTIFIER = com.handeveloper.FoodieUITests;
				PRODUCT_NAME = "$(TARGET_NAME)";
				SWIFT_EMIT_LOC_STRINGS = NO;
				SWIFT_VERSION = 5.0;
				TARGETED_DEVICE_FAMILY = "1,2";
				TEST_TARGET_NAME = Foodie;
			};
			name = Release;
		};
/* End XCBuildConfiguration section */

/* Begin XCConfigurationList section */
		F3A30D322773AADC00161F18 /* Build configuration list for PBXProject "Foodie" */ = {
			isa = XCConfigurationList;
			buildConfigurations = (
				F3A30D5F2773AADE00161F18 /* Debug */,
				F3A30D602773AADE00161F18 /* Release */,
			);
			defaultConfigurationIsVisible = 0;
			defaultConfigurationName = Release;
		};
		F3A30D612773AADE00161F18 /* Build configuration list for PBXNativeTarget "Foodie" */ = {
			isa = XCConfigurationList;
			buildConfigurations = (
				F3A30D622773AADE00161F18 /* Debug */,
				F3A30D632773AADE00161F18 /* Release */,
			);
			defaultConfigurationIsVisible = 0;
			defaultConfigurationName = Release;
		};
		F3A30D642773AADE00161F18 /* Build configuration list for PBXNativeTarget "FoodieTests" */ = {
			isa = XCConfigurationList;
			buildConfigurations = (
				F3A30D652773AADE00161F18 /* Debug */,
				F3A30D662773AADE00161F18 /* Release */,
			);
			defaultConfigurationIsVisible = 0;
			defaultConfigurationName = Release;
		};
		F3A30D672773AADE00161F18 /* Build configuration list for PBXNativeTarget "FoodieUITests" */ = {
			isa = XCConfigurationList;
			buildConfigurations = (
				F3A30D682773AADE00161F18 /* Debug */,
				F3A30D692773AADE00161F18 /* Release */,
			);
			defaultConfigurationIsVisible = 0;
			defaultConfigurationName = Release;
		};
/* End XCConfigurationList section */
	};
	rootObject = F3A30D2F2773AADC00161F18 /* Project object */;
}
